
Microsoft Visual Studio Solution File, Format Version 12.00
# Visual Studio Version 17
VisualStudioVersion = 17.0.31903.59
MinimumVisualStudioVersion = 10.0.40219.1
Project("{FAE04EC0-301F-11D3-BF4B-00C04F79EFBC}") = "BuberBreakfast.Contracts", "BuberBreakfast.Contracts\BuberBreakfast.Contracts.csproj", "{C7D882CD-E852-4703-8986-B0974D5949E1}"
EndProject
Project("{FAE04EC0-301F-11D3-BF4B-00C04F79EFBC}") = "BuberBreakfast", "BuberBreakfast\BuberBreakfast.csproj", "{AD78B808-31B4-49EE-9C91-0018A9CA0AB1}"
EndProject
Global
	GlobalSection(SolutionConfigurationPlatforms) = preSolution
		Debug|Any CPU = Debug|Any CPU
		Release|Any CPU = Release|Any CPU
	EndGlobalSection
	GlobalSection(SolutionProperties) = preSolution
		HideSolutionNode = FALSE
	EndGlobalSection
	GlobalSection(ProjectConfigurationPlatforms) = postSolution
		{C7D882CD-E852-4703-8986-B0974D5949E1}.Debug|Any CPU.ActiveCfg = Debug|Any CPU
		{C7D882CD-E852-4703-8986-B0974D5949E1}.Debug|Any CPU.Build.0 = Debug|Any CPU
		{C7D882CD-E852-4703-8986-B0974D5949E1}.Release|Any CPU.ActiveCfg = Release|Any CPU
		{C7D882CD-E852-4703-8986-B0974D5949E1}.Release|Any CPU.Build.0 = Release|Any CPU
		{AD78B808-31B4-49EE-9C91-0018A9CA0AB1}.Debug|Any CPU.ActiveCfg = Debug|Any CPU
		{AD78B808-31B4-49EE-9C91-0018A9CA0AB1}.Debug|Any CPU.Build.0 = Debug|Any CPU
		{AD78B808-31B4-49EE-9C91-0018A9CA0AB1}.Release|Any CPU.ActiveCfg = Release|Any CPU
		{AD78B808-31B4-49EE-9C91-0018A9CA0AB1}.Release|Any CPU.Build.0 = Release|Any CPU
	EndGlobalSection
EndGlobal
